dependencies:
  idf:
    component_hash: null
    source:
      type: idf
    version: 4.4.3
  joltwallet/littlefs:
    component_hash: c8741c1d9d8517444562189ca3ee89da0147bc18e34b6f4eb2e7220558eeeb8a
    source:
      service_url: https://api.components.espressif.com/
      type: service
    version: 1.4.1
manifest_hash: f5b920a36039b714db7e06c482c82ae30a434352b398da3deb488537f5f58f49
target: esp32
version: 1.0.0
